
Microsoft Visual Studio Solution File, Format Version 12.00
# Visual Studio Version 17
VisualStudioVersion = 17.0.31919.166
MinimumVisualStudioVersion = 10.0.40219.1
Project("{FAE04EC0-301F-11D3-BF4B-00C04F79EFBC}") = "DinnerPicker", "DinnerPicker\DinnerPicker.csproj", "{A32629E1-78A2-4287-AEF1-AE127A2CA240}"
EndProject
Global
	GlobalSection(SolutionConfigurationPlatforms) = preSolution
		Debug|Any CPU = Debug|Any CPU
		Release|Any CPU = Release|Any CPU
	EndGlobalSection
	GlobalSection(ProjectConfigurationPlatforms) = postSolution
		{A32629E1-78A2-4287-AEF1-AE127A2CA240}.Debug|Any CPU.ActiveCfg = Debug|Any CPU
		{A32629E1-78A2-4287-AEF1-AE127A2CA240}.Debug|Any CPU.Build.0 = Debug|Any CPU
		{A32629E1-78A2-4287-AEF1-AE127A2CA240}.Release|Any CPU.ActiveCfg = Release|Any CPU
		{A32629E1-78A2-4287-AEF1-AE127A2CA240}.Release|Any CPU.Build.0 = Release|Any CPU
	EndGlobalSection
	GlobalSection(SolutionProperties) = preSolution
		HideSolutionNode = FALSE
	EndGlobalSection
	GlobalSection(ExtensibilityGlobals) = postSolution
		SolutionGuid = {CC050025-D13A-4D5F-84FB-C64370C4CAA2}
	EndGlobalSection
EndGlobal
